dependencies:
  espressif/bh1750:
    component_hash: c8cae6dca70fd5fdf5943ae37efbbea6cc41bcb784506e61ea301b3e94dce74b
    dependencies:
    - name: idf
      require: private
      version: '>=4.0'
    source:
      registry_url: https://components.espressif.com/
      type: service
    version: 1.0.3
  idf:
    source:
      type: idf
    version: 5.5.2
direct_dependencies:
- espressif/bh1750
- idf
manifest_hash: 22cea6199ca79e99148345766eb860deb11ffb1d54937073317d3170450b626b
target: esp32
version: 2.0.0
